
Microsoft Visual Studio Solution File, Format Version 12.00
# Visual Studio 15
VisualStudioVersion = 15.0.27703.2026
MinimumVisualStudioVersion = 10.0.40219.1
Project("{FAE04EC0-301F-11D3-BF4B-00C04F79EFBC}") = "XF.AndroidBarsColors.Android", "XF.AndroidBarsColors\XF.AndroidBarsColors.Android\XF.AndroidBarsColors.Android.csproj", "{B7C560EB-E3C6-4AFC-95AA-154E104C734E}"
EndProject
Project("{FAE04EC0-301F-11D3-BF4B-00C04F79EFBC}") = "XF.AndroidBarsColors", "XF.AndroidBarsColors\XF.AndroidBarsColors\XF.AndroidBarsColors.csproj", "{8963A689-1577-4BE0-BD32-6486852350A6}"
EndProject
Global
	GlobalSection(SolutionConfigurationPlatforms) = preSolution
		Debug|Any CPU = Debug|Any CPU
		Release|Any CPU = Release|Any CPU
	EndGlobalSection
	GlobalSection(ProjectConfigurationPlatforms) = postSolution
		{B7C560EB-E3C6-4AFC-95AA-154E104C734E}.Debug|Any CPU.ActiveCfg = Debug|Any CPU
		{B7C560EB-E3C6-4AFC-95AA-154E104C734E}.Debug|Any CPU.Build.0 = Debug|Any CPU
		{B7C560EB-E3C6-4AFC-95AA-154E104C734E}.Debug|Any CPU.Deploy.0 = Debug|Any CPU
		{B7C560EB-E3C6-4AFC-95AA-154E104C734E}.Release|Any CPU.ActiveCfg = Release|Any CPU
		{B7C560EB-E3C6-4AFC-95AA-154E104C734E}.Release|Any CPU.Build.0 = Release|Any CPU
		{B7C560EB-E3C6-4AFC-95AA-154E104C734E}.Release|Any CPU.Deploy.0 = Release|Any CPU
		{8963A689-1577-4BE0-BD32-6486852350A6}.Debug|Any CPU.ActiveCfg = Debug|Any CPU
		{8963A689-1577-4BE0-BD32-6486852350A6}.Debug|Any CPU.Build.0 = Debug|Any CPU
		{8963A689-1577-4BE0-BD32-6486852350A6}.Debug|Any CPU.Deploy.0 = Debug|Any CPU
		{8963A689-1577-4BE0-BD32-6486852350A6}.Release|Any CPU.ActiveCfg = Release|Any CPU
		{8963A689-1577-4BE0-BD32-6486852350A6}.Release|Any CPU.Build.0 = Release|Any CPU
		{8963A689-1577-4BE0-BD32-6486852350A6}.Release|Any CPU.Deploy.0 = Release|Any CPU
	EndGlobalSection
	GlobalSection(SolutionProperties) = preSolution
		HideSolutionNode = FALSE
	EndGlobalSection
	GlobalSection(ExtensibilityGlobals) = postSolution
		SolutionGuid = {31AEA2DB-BD8C-46FA-BE75-9F63EE30F1DF}
	EndGlobalSection
EndGlobal
